// !$*UTF8*$!
{
	archiveVersion = 1;
	classes = {
	};
	objectVersion = 46;
	objects = {

/* Begin PBXBuildFile section */
		0457EE4F20ADFC05001A4C4F /* AppDelegate.swift in Sources */ = {isa = PBXBuildFile; fileRef = 0457EE4E20ADFC05001A4C4F /* AppDelegate.swift */; };
		0457EE5420ADFC05001A4C4F /* Main.storyboard in Resources */ = {isa = PBXBuildFile; fileRef = 0457EE5220ADFC05001A4C4F /* Main.storyboard */; };
		0457EE5620ADFC05001A4C4F /* Assets.xcassets in Resources */ = {isa = PBXBuildFile; fileRef = 0457EE5520ADFC05001A4C4F /* Assets.xcassets */; };
		0457EE5920ADFC05001A4C4F /* LaunchScreen.storyboard in Resources */ = {isa = PBXBuildFile; fileRef = 0457EE5720ADFC05001A4C4F /* LaunchScreen.storyboard */; };
		0457EE7320ADFEF6001A4C4F /* WeatherDateCell.swift in Sources */ = {isa = PBXBuildFile; fileRef = 0457EE7020ADFEF6001A4C4F /* WeatherDateCell.swift */; };
		0457EE7420ADFEF6001A4C4F /* WeatherDetailCell.swift in Sources */ = {isa = PBXBuildFile; fileRef = 0457EE7120ADFEF6001A4C4F /* WeatherDetailCell.swift */; };
		0457EE7A20ADFF03001A4C4F /* SearchCityViewController.swift in Sources */ = {isa = PBXBuildFile; fileRef = 0457EE7720ADFF03001A4C4F /* SearchCityViewController.swift */; };
		0457EE7B20ADFF03001A4C4F /* SearchViewController.swift in Sources */ = {isa = PBXBuildFile; fileRef = 0457EE7820ADFF03001A4C4F /* SearchViewController.swift */; };
		0457EE7F20ADFF24001A4C4F /* CityData.swift in Sources */ = {isa = PBXBuildFile; fileRef = 0457EE7C20ADFF24001A4C4F /* CityData.swift */; };
		0457EE8020ADFF24001A4C4F /* Place.swift in Sources */ = {isa = PBXBuildFile; fileRef = 0457EE7D20ADFF24001A4C4F /* Place.swift */; };
		0457EE8120ADFF24001A4C4F /* WeatherData.swift in Sources */ = {isa = PBXBuildFile; fileRef = 0457EE7E20ADFF24001A4C4F /* WeatherData.swift */; };
		0457EE8720AE000F001A4C4F /* APIYahoo.swift in Sources */ = {isa = PBXBuildFile; fileRef = 0457EE8420AE000F001A4C4F /* APIYahoo.swift */; };
		0457EE8820AE000F001A4C4F /* WiirlockExtensions.swift in Sources */ = {isa = PBXBuildFile; fileRef = 0457EE8620AE000F001A4C4F /* WiirlockExtensions.swift */; };
		0457EE8A20AE04EC001A4C4F /* MainViewController.swift in Sources */ = {isa = PBXBuildFile; fileRef = 0457EE8920AE04EC001A4C4F /* MainViewController.swift */; };
/* End PBXBuildFile section */

/* Begin PBXFileReference section */
		0457EE4B20ADFC05001A4C4F /* PBWeatherApp.app */ = {isa = PBXFileReference; explicitFileType = wrapper.application; includeInIndex = 0; path = PBWeatherApp.app; sourceTree = BUILT_PRODUCTS_DIR; };
		0457EE4E20ADFC05001A4C4F /* AppDelegate.swift */ = {isa = PBXFileReference; lastKnownFileType = sourcecode.swift; path = AppDelegate.swift; sourceTree = "<group>"; };
		0457EE5320ADFC05001A4C4F /* Base */ = {isa = PBXFileReference; lastKnownFileType = file.storyboard; name = Base; path = Base.lproj/Main.storyboard; sourceTree = "<group>"; };
		0457EE5520ADFC05001A4C4F /* Assets.xcassets */ = {isa = PBXFileReference; lastKnownFileType = folder.assetcatalog; path = Assets.xcassets; sourceTree = "<group>"; };
		0457EE5820ADFC05001A4C4F /* Base */ = {isa = PBXFileReference; lastKnownFileType = file.storyboard; name = Base; path = Base.lproj/LaunchScreen.storyboard; sourceTree = "<group>"; };
		0457EE5A20ADFC05001A4C4F /* Info.plist */ = {isa = PBXFileReference; lastKnownFileType = text.plist.xml; path = Info.plist; sourceTree = "<group>"; };
		0457EE7020ADFEF6001A4C4F /* WeatherDateCell.swift */ = {isa = PBXFileReference; fileEncoding = 4; lastKnownFileType = sourcecode.swift; path = WeatherDateCell.swift; sourceTree = "<group>"; };
		0457EE7120ADFEF6001A4C4F /* WeatherDetailCell.swift */ = {isa = PBXFileReference; fileEncoding = 4; lastKnownFileType = sourcecode.swift; path = WeatherDetailCell.swift; sourceTree = "<group>"; };
		0457EE7720ADFF03001A4C4F /* SearchCityViewController.swift */ = {isa = PBXFileReference; fileEncoding = 4; lastKnownFileType = sourcecode.swift; path = SearchCityViewController.swift; sourceTree = "<group>"; };
		0457EE7820ADFF03001A4C4F /* SearchViewController.swift */ = {isa = PBXFileReference; fileEncoding = 4; lastKnownFileType = sourcecode.swift; path = SearchViewController.swift; sourceTree = "<group>"; };
		0457EE7C20ADFF24001A4C4F /* CityData.swift */ = {isa = PBXFileReference; fileEncoding = 4; lastKnownFileType = sourcecode.swift; path = CityData.swift; sourceTree = "<group>"; };
		0457EE7D20ADFF24001A4C4F /* Place.swift */ = {isa = PBXFileReference; fileEncoding = 4; lastKnownFileType = sourcecode.swift; path = Place.swift; sourceTree = "<group>"; };
		0457EE7E20ADFF24001A4C4F /* WeatherData.swift */ = {isa = PBXFileReference; fileEncoding = 4; lastKnownFileType = sourcecode.swift; path = WeatherData.swift; sourceTree = "<group>"; };
		0457EE8420AE000F001A4C4F /* APIYahoo.swift */ = {isa = PBXFileReference; fileEncoding = 4; lastKnownFileType = sourcecode.swift; path = APIYahoo.swift; sourceTree = "<group>"; };
		0457EE8620AE000F001A4C4F /* WiirlockExtensions.swift */ = {isa = PBXFileReference; fileEncoding = 4; lastKnownFileType = sourcecode.swift; path = WiirlockExtensions.swift; sourceTree = "<group>"; };
		0457EE8920AE04EC001A4C4F /* MainViewController.swift */ = {isa = PBXFileReference; fileEncoding = 4; lastKnownFileType = sourcecode.swift; path = MainViewController.swift; sourceTree = "<group>"; };
/* End PBXFileReference section */

/* Begin PBXFrameworksBuildPhase section */
		0457EE4820ADFC05001A4C4F /* Frameworks */ = {
			isa = PBXFrameworksBuildPhase;
			buildActionMask = 2147483647;
			files = (
			);
			runOnlyForDeploymentPostprocessing = 0;
		};
/* End PBXFrameworksBuildPhase section */

/* Begin PBXGroup section */
		0457EE4220ADFC05001A4C4F = {
			isa = PBXGroup;
			children = (
				0457EE4D20ADFC05001A4C4F /* PBWeatherApp */,
				0457EE4C20ADFC05001A4C4F /* Products */,
			);
			sourceTree = "<group>";
		};
		0457EE4C20ADFC05001A4C4F /* Products */ = {
			isa = PBXGroup;
			children = (
				0457EE4B20ADFC05001A4C4F /* PBWeatherApp.app */,
			);
			name = Products;
			sourceTree = "<group>";
		};
		0457EE4D20ADFC05001A4C4F /* PBWeatherApp */ = {
			isa = PBXGroup;
			children = (
				0457EE4E20ADFC05001A4C4F /* AppDelegate.swift */,
				0457EE6C20ADFD0F001A4C4F /* Models */,
				0457EE6F20ADFE00001A4C4F /* Views */,
				0457EE6D20ADFD27001A4C4F /* Controller */,
				0457EE8220ADFF85001A4C4F /* Utilities */,
				0457EE5220ADFC05001A4C4F /* Main.storyboard */,
				0457EE5520ADFC05001A4C4F /* Assets.xcassets */,
				0457EE5720ADFC05001A4C4F /* LaunchScreen.storyboard */,
				0457EE5A20ADFC05001A4C4F /* Info.plist */,
			);
			path = PBWeatherApp;
			sourceTree = "<group>";
		};
		0457EE6C20ADFD0F001A4C4F /* Models */ = {
			isa = PBXGroup;
			children = (
				0457EE7C20ADFF24001A4C4F /* CityData.swift */,
				0457EE7D20ADFF24001A4C4F /* Place.swift */,
				0457EE7E20ADFF24001A4C4F /* WeatherData.swift */,
			);
			path = Models;
			sourceTree = "<group>";
		};
		0457EE6D20ADFD27001A4C4F /* Controller */ = {
			isa = PBXGroup;
			children = (
				0457EE8920AE04EC001A4C4F /* MainViewController.swift */,
				0457EE7720ADFF03001A4C4F /* SearchCityViewController.swift */,
				0457EE7820ADFF03001A4C4F /* SearchViewController.swift */,
			);
			path = Controller;
			sourceTree = "<group>";
		};
		0457EE6F20ADFE00001A4C4F /* Views */ = {
			isa = PBXGroup;
			children = (
				0457EE7020ADFEF6001A4C4F /* WeatherDateCell.swift */,
				0457EE7120ADFEF6001A4C4F /* WeatherDetailCell.swift */,
			);
			path = Views;
			sourceTree = "<group>";
		};
		0457EE8220ADFF85001A4C4F /* Utilities */ = {
			isa = PBXGroup;
			children = (
				0457EE8320AE000F001A4C4F /* Network */,
				0457EE8520AE000F001A4C4F /* Other */,
			);
			path = Utilities;
			sourceTree = "<group>";
		};
		0457EE8320AE000F001A4C4F /* Network */ = {
			isa = PBXGroup;
			children = (
				0457EE8420AE000F001A4C4F /* APIYahoo.swift */,
			);
			path = Network;
			sourceTree = "<group>";
		};
		0457EE8520AE000F001A4C4F /* Other */ = {
			isa = PBXGroup;
			children = (
				0457EE8620AE000F001A4C4F /* WiirlockExtensions.swift */,
			);
			path = Other;
			sourceTree = "<group>";
		};
/* End PBXGroup section */

/* Begin PBXNativeTarget section */
		0457EE4A20ADFC05001A4C4F /* PBWeatherApp */ = {
			isa = PBXNativeTarget;
			buildConfigurationList = 0457EE5D20ADFC05001A4C4F /* Build configuration list for PBXNativeTarget "PBWeatherApp" */;
			buildPhases = (
				0457EE4720ADFC05001A4C4F /* Sources */,
				0457EE4820ADFC05001A4C4F /* Frameworks */,
				0457EE4920ADFC05001A4C4F /* Resources */,
			);
			buildRules = (
			);
			dependencies = (
			);
			name = PBWeatherApp;
			productName = PBWeatherApp;
			productReference = 0457EE4B20ADFC05001A4C4F /* PBWeatherApp.app */;
			productType = "com.apple.product-type.application";
		};
/* End PBXNativeTarget section */

/* Begin PBXProject section */
		0457EE4320ADFC05001A4C4F /* Project object */ = {
			isa = PBXProject;
			attributes = {
				LastSwiftUpdateCheck = 0830;
				LastUpgradeCheck = 0830;
				ORGANIZATIONNAME = Mac;
				TargetAttributes = {
					0457EE4A20ADFC05001A4C4F = {
						CreatedOnToolsVersion = 8.3.3;
						ProvisioningStyle = Manual;
					};
				};
			};
			buildConfigurationList = 0457EE4620ADFC05001A4C4F /* Build configuration list for PBXProject "PBWeatherApp" */;
			compatibilityVersion = "Xcode 3.2";
			developmentRegion = English;
			hasScannedForEncodings = 0;
			knownRegions = (
				en,
				Base,
			);
			mainGroup = 0457EE4220ADFC05001A4C4F;
			productRefGroup = 0457EE4C20ADFC05001A4C4F /* Products */;
			projectDirPath = "";
			projectRoot = "";
			targets = (
				0457EE4A20ADFC05001A4C4F /* PBWeatherApp */,
			);
		};
/* End PBXProject section */

/* Begin PBXResourcesBuildPhase section */
		0457EE4920ADFC05001A4C4F /* Resources */ = {
			isa = PBXResourcesBuildPhase;
			buildActionMask = 2147483647;
			files = (
				0457EE5920ADFC05001A4C4F /* LaunchScreen.storyboard in Resources */,
				0457EE5620ADFC05001A4C4F /* Assets.xcassets in Resources */,
				0457EE5420ADFC05001A4C4F /* Main.storyboard in Resources */,
			);
			runOnlyForDeploymentPostprocessing = 0;
		};
/* End PBXResourcesBuildPhase section */

/* Begin PBXSourcesBuildPhase section */
		0457EE4720ADFC05001A4C4F /* Sources */ = {
			isa = PBXSourcesBuildPhase;
			buildActionMask = 2147483647;
			files = (
				0457EE7320ADFEF6001A4C4F /* WeatherDateCell.swift in Sources */,
				0457EE7B20ADFF03001A4C4F /* SearchViewController.swift in Sources */,
				0457EE4F20ADFC05001A4C4F /* AppDelegate.swift in Sources */,
				0457EE8A20AE04EC001A4C4F /* MainViewController.swift in Sources */,
				0457EE8820AE000F001A4C4F /* WiirlockExtensions.swift in Sources */,
				0457EE8720AE000F001A4C4F /* APIYahoo.swift in Sources */,
				0457EE7420ADFEF6001A4C4F /* WeatherDetailCell.swift in Sources */,
				0457EE7F20ADFF24001A4C4F /* CityData.swift in Sources */,
				0457EE7A20ADFF03001A4C4F /* SearchCityViewController.swift in Sources */,
				0457EE8120ADFF24001A4C4F /* WeatherData.swift in Sources */,
				0457EE8020ADFF24001A4C4F /* Place.swift in Sources */,
			);
			runOnlyForDeploymentPostprocessing = 0;
		};
/* End PBXSourcesBuildPhase section */

/* Begin PBXVariantGroup section */
		0457EE5220ADFC05001A4C4F /* Main.storyboard */ = {
			isa = PBXVariantGroup;
			children = (
				0457EE5320ADFC05001A4C4F /* Base */,
			);
			name = Main.storyboard;
			sourceTree = "<group>";
		};
		0457EE5720ADFC05001A4C4F /* LaunchScreen.storyboard */ = {
			isa = PBXVariantGroup;
			children = (
				0457EE5820ADFC05001A4C4F /* Base */,
			);
			name = LaunchScreen.storyboard;
			sourceTree = "<group>";
		};
/* End PBXVariantGroup section */

/* Begin XCBuildConfiguration section */
		0457EE5B20ADFC05001A4C4F /* Debug */ = {
			isa = XCBuildConfiguration;
			buildSettings = {
				ALWAYS_SEARCH_USER_PATHS = NO;
				CLANG_ANALYZER_NONNULL = YES;
				CLANG_ANALYZER_NUMBER_OBJECT_CONVERSION = YES_AGGRESSIVE;
				CLANG_CXX_LANGUAGE_STANDARD = "gnu++0x";
				CLANG_CXX_LIBRARY = "libc++";
				CLANG_ENABLE_MODULES = YES;
				CLANG_ENABLE_OBJC_ARC = YES;
				CLANG_WARN_BOOL_CONVERSION = YES;
				CLANG_WARN_CONSTANT_CONVERSION = YES;
				CLANG_WARN_DIRECT_OBJC_ISA_USAGE = YES_ERROR;
				CLANG_WARN_DOCUMENTATION_COMMENTS = YES;
				CLANG_WARN_EMPTY_BODY = YES;
				CLANG_WARN_ENUM_CONVERSION = YES;
				CLANG_WARN_INFINITE_RECURSION = YES;
				CLANG_WARN_INT_CONVERSION = YES;
				CLANG_WARN_OBJC_ROOT_CLASS = YES_ERROR;
				CLANG_WARN_SUSPICIOUS_MOVE = YES;
				CLANG_WARN_UNREACHABLE_CODE = YES;
				CLANG_WARN__DUPLICATE_METHOD_MATCH = YES;
				"CODE_SIGN_IDENTITY[sdk=iphoneos*]" = "iPhone Developer";
				COPY_PHASE_STRIP = NO;
				DEBUG_INFORMATION_FORMAT = dwarf;
				ENABLE_STRICT_OBJC_MSGSEND = YES;
				ENABLE_TESTABILITY = YES;
				GCC_C_LANGUAGE_STANDARD = gnu99;
				GCC_DYNAMIC_NO_PIC = NO;
				GCC_NO_COMMON_BLOCKS = YES;
				GCC_OPTIMIZATION_LEVEL = 0;
				GCC_PREPROCESSOR_DEFINITIONS = (
					"DEBUG=1",
					"$(inherited)",
				);
				GCC_WARN_64_TO_32_BIT_CONVERSION = YES;
				GCC_WARN_ABOUT_RETURN_TYPE = YES_ERROR;
				GCC_WARN_UNDECLARED_SELECTOR = YES;
				GCC_WARN_UNINITIALIZED_AUTOS = YES_AGGRESSIVE;
				GCC_WARN_UNUSED_FUNCTION = YES;
				GCC_WARN_UNUSED_VARIABLE = YES;
				IPHONEOS_DEPLOYMENT_TARGET = 10.3;
				MTL_ENABLE_DEBUG_INFO = YES;
				ONLY_ACTIVE_ARCH = YES;
				SDKROOT = iphoneos;
				SWIFT_ACTIVE_COMPILATION_CONDITIONS = DEBUG;
				SWIFT_OPTIMIZATION_LEVEL = "-Onone";
				TARGETED_DEVICE_FAMILY = "1,2";
			};
			name = Debug;
		};
		0457EE5C20ADFC05001A4C4F /* Release */ = {
			isa = XCBuildConfiguration;
			buildSettings = {
				ALWAYS_SEARCH_USER_PATHS = NO;
				CLANG_ANALYZER_NONNULL = YES;
				CLANG_ANALYZER_NUMBER_OBJECT_CONVERSION = YES_AGGRESSIVE;
				CLANG_CXX_LANGUAGE_STANDARD = "gnu++0x";
				CLANG_CXX_LIBRARY = "libc++";
				CLANG_ENABLE_MODULES = YES;
				CLANG_ENABLE_OBJC_ARC = YES;
				CLANG_WARN_BOOL_CONVERSION = YES;
				CLANG_WARN_CONSTANT_CONVERSION = YES;
				CLANG_WARN_DIRECT_OBJC_ISA_USAGE = YES_ERROR;
				CLANG_WARN_DOCUMENTATION_COMMENTS = YES;
				CLANG_WARN_EMPTY_BODY = YES;
				CLANG_WARN_ENUM_CONVERSION = YES;
				CLANG_WARN_INFINITE_RECURSION = YES;
				CLANG_WARN_INT_CONVERSION = YES;
				CLANG_WARN_OBJC_ROOT_CLASS = YES_ERROR;
				CLANG_WARN_SUSPICIOUS_MOVE = YES;
				CLANG_WARN_UNREACHABLE_CODE = YES;
				CLANG_WARN__DUPLICATE_METHOD_MATCH = YES;
				"CODE_SIGN_IDENTITY[sdk=iphoneos*]" = "iPhone Developer";
				COPY_PHASE_STRIP = NO;
				DEBUG_INFORMATION_FORMAT = "dwarf-with-dsym";
				ENABLE_NS_ASSERTIONS = NO;
				ENABLE_STRICT_OBJC_MSGSEND = YES;
				GCC_C_LANGUAGE_STANDARD = gnu99;
				GCC_NO_COMMON_BLOCKS = YES;
				GCC_WARN_64_TO_32_BIT_CONVERSION = YES;
				GCC_WARN_ABOUT_RETURN_TYPE = YES_ERROR;
				GCC_WARN_UNDECLARED_SELECTOR = YES;
				GCC_WARN_UNINITIALIZED_AUTOS = YES_AGGRESSIVE;
				GCC_WARN_UNUSED_FUNCTION = YES;
				GCC_WARN_UNUSED_VARIABLE = YES;
				IPHONEOS_DEPLOYMENT_TARGET = 10.3;
				MTL_ENABLE_DEBUG_INFO = NO;
				SDKROOT = iphoneos;
				SWIFT_OPTIMIZATION_LEVEL = "-Owholemodule";
				TARGETED_DEVICE_FAMILY = "1,2";
				VALIDATE_PRODUCT = YES;
			};
			name = Release;
		};
		0457EE5E20ADFC05001A4C4F /* Debug */ = {
			isa = XCBuildConfiguration;
			buildSettings = {
				ASSETCATALOG_COMPILER_APPICON_NAME = AppIcon;
				DEVELOPMENT_TEAM = "";
				INFOPLIST_FILE = PBWeatherApp/Info.plist;
				LD_RUNPATH_SEARCH_PATHS = "$(inherited) @executable_path/Frameworks";
				PRODUCT_BUNDLE_IDENTIFIER = com.pb.PBWeatherApp;
				PRODUCT_NAME = "$(TARGET_NAME)";
				PROVISIONING_PROFILE_SPECIFIER = "";
				SWIFT_VERSION = 3.0;
			};
			name = Debug;
		};
		0457EE5F20ADFC05001A4C4F /* Release */ = {
			isa = XCBuildConfiguration;
			buildSettings = {
				ASSETCATALOG_COMPILER_APPICON_NAME = AppIcon;
				DEVELOPMENT_TEAM = "";
				INFOPLIST_FILE = PBWeatherApp/Info.plist;
				LD_RUNPATH_SEARCH_PATHS = "$(inherited) @executable_path/Frameworks";
				PRODUCT_BUNDLE_IDENTIFIER = com.pb.PBWeatherApp;
				PRODUCT_NAME = "$(TARGET_NAME)";
				PROVISIONING_PROFILE_SPECIFIER = "";
				SWIFT_VERSION = 3.0;
			};
			name = Release;
		};
/* End XCBuildConfiguration section */

/* Begin XCConfigurationList section */
		0457EE4620ADFC05001A4C4F /* Build configuration list for PBXProject "PBWeatherApp" */ = {
			isa = XCConfigurationList;
			buildConfigurations = (
				0457EE5B20ADFC05001A4C4F /* Debug */,
				0457EE5C20ADFC05001A4C4F /* Release */,
			);
			defaultConfigurationIsVisible = 0;
			defaultConfigurationName = Release;
		};
		0457EE5D20ADFC05001A4C4F /* Build configuration list for PBXNativeTarget "PBWeatherApp" */ = {
			isa = XCConfigurationList;
			buildConfigurations = (
				0457EE5E20ADFC05001A4C4F /* Debug */,
				0457EE5F20ADFC05001A4C4F /* Release */,
			);
			defaultConfigurationIsVisible = 0;
		};
/* End XCConfigurationList section */
	};
	rootObject = 0457EE4320ADFC05001A4C4F /* Project object */;
}
